
Microsoft Visual Studio Solution File, Format Version 12.00
# Visual Studio Version 17
VisualStudioVersion = 17.10.35122.118
MinimumVisualStudioVersion = 10.0.40219.1
Project("{FAE04EC0-301F-11D3-BF4B-00C04F79EFBC}") = "dotnetjobs_io", "dotnetjobs_io.csproj", "{99B9DCA8-5494-4845-90E0-A278128981F8}"
EndProject
Global
	GlobalSection(SolutionConfigurationPlatforms) = preSolution
		Debug|Any CPU = Debug|Any CPU
		Release|Any CPU = Release|Any CPU
	EndGlobalSection
	GlobalSection(ProjectConfigurationPlatforms) = postSolution
		{99B9DCA8-5494-4845-90E0-A278128981F8}.Debug|Any CPU.ActiveCfg = Debug|Any CPU
		{99B9DCA8-5494-4845-90E0-A278128981F8}.Debug|Any CPU.Build.0 = Debug|Any CPU
		{99B9DCA8-5494-4845-90E0-A278128981F8}.Release|Any CPU.ActiveCfg = Release|Any CPU
		{99B9DCA8-5494-4845-90E0-A278128981F8}.Release|Any CPU.Build.0 = Release|Any CPU
	EndGlobalSection
	GlobalSection(SolutionProperties) = preSolution
		HideSolutionNode = FALSE
	EndGlobalSection
	GlobalSection(ExtensibilityGlobals) = postSolution
		SolutionGuid = {8907C76E-5D4C-418B-9F63-186E698AF423}
	EndGlobalSection
EndGlobal
